PODS:
  - Brightcove-Player-Core/dynamic (6.2.2)
  - mopub-ios-sdk (4.20.1):
    - mopub-ios-sdk/MoPubSDK (= 4.20.1)
  - mopub-ios-sdk/Avid (4.20.1):
    - mopub-ios-sdk/Core
  - mopub-ios-sdk/Core (4.20.1)
  - mopub-ios-sdk/Moat (4.20.1):
    - mopub-ios-sdk/Core
  - mopub-ios-sdk/MoPubSDK (4.20.1):
    - mopub-ios-sdk/Avid
    - mopub-ios-sdk/Core
    - mopub-ios-sdk/Moat
  - SpotX-Brightcove-Plugin (4.0.0):
    - SpotX-SDK
  - SpotX-MoPub-Plugin (4.0.0):
    - mopub-ios-sdk (~> 4.3)
    - SpotX-SDK
  - SpotX-SDK (4.0.0)
  - SpotX-SDK-MOAT (4.0.0):
    - SpotX-SDK

DEPENDENCIES:
  - Brightcove-Player-Core/dynamic
  - mopub-ios-sdk
  - SpotX-Brightcove-Plugin
  - SpotX-MoPub-Plugin
  - SpotX-SDK
  - SpotX-SDK-MOAT

SPEC REPOS:
  https://github.com/brightcove/BrightcoveSpecs.git:
    - Brightcove-Player-Core
  https://github.com/cocoapods/specs.git:
    - mopub-ios-sdk
    - SpotX-Brightcove-Plugin
    - SpotX-MoPub-Plugin
    - SpotX-SDK
    - SpotX-SDK-MOAT

SPEC CHECKSUMS:
  Brightcove-Player-Core: d4ec5bdea65922365eb6fea270bfc8228351d449
  mopub-ios-sdk: 6220599bacc1c47f4117b7af5e9616f6779157a5
  SpotX-Brightcove-Plugin: d9872c38a6b5a06c324f285d187b2a7cd23b35a9
  SpotX-MoPub-Plugin: cb78a06221485d950d717e1bc010ae15cfe88892
  SpotX-SDK: de1af24e1ac9bd996b86bf96f864cab947e05d30
  SpotX-SDK-MOAT: 24c59c610aae44600482a51e92ea7bfc293c0d26

PODFILE CHECKSUM: aa1ef1cd7f94e4417eb91c7a30093a73ff302094

COCOAPODS: 1.5.2
