// !$*UTF8*$!
{
	archiveVersion = 1;
	classes = {
	};
	objectVersion = 47;
	objects = {

/* Begin PBXBuildFile section */
		0E55DC992121EB3300575AF0 /* ViewControllerBase.m in Sources */ = {isa = PBXBuildFile; fileRef = 0E55DC982121EB3300575AF0 /* ViewControllerBase.m */; };
		0E804E9920600DCA00C6D9D9 /* BrightcovePlayerController.storyboard in Resources */ = {isa = PBXBuildFile; fileRef = 0E804E9720600DCA00C6D9D9 /* BrightcovePlayerController.storyboard */; };
		0EC1A81F2056DFAA0033674A /* BrightcovePlayerController.m in Sources */ = {isa = PBXBuildFile; fileRef = 0EC1A81D2056DFAA0033674A /* BrightcovePlayerController.m */; };
		0EC1A82F205976E10033674A /* SettingsViewController.storyboard in Resources */ = {isa = PBXBuildFile; fileRef = 0EC1A82D205976E10033674A /* SettingsViewController.storyboard */; };
		0EC1A833205988070033674A /* BrightcoveViewController.m in Sources */ = {isa = PBXBuildFile; fileRef = 0EC1A831205988070033674A /* BrightcoveViewController.m */; };
		0ED15D4F1FE304B500246AED /* MoPubViewController.m in Sources */ = {isa = PBXBuildFile; fileRef = 0ED15D4D1FE304B500246AED /* MoPubViewController.m */; };
		0EEFAF631FFD7F96003D1545 /* SettingsViewController.m in Sources */ = {isa = PBXBuildFile; fileRef = 0EEFAF611FFD7F96003D1545 /* SettingsViewController.m */; };
		0EEFAF671FFE8922003D1545 /* Preferences.m in Sources */ = {isa = PBXBuildFile; fileRef = 0EEFAF641FFE8922003D1545 /* Preferences.m */; };
		7B503F9520AC8BCB00F864B3 /* UIKit.framework in Frameworks */ = {isa = PBXBuildFile; fileRef = 6B7B651A1DC3BDD100C81610 /* UIKit.framework */; };
		7B503FA820AC8D3900F864B3 /* SPOTXMoatMobileAppKit.framework in Frameworks */ = {isa = PBXBuildFile; fileRef = 7BA742551FA8DB950063430A /* SPOTXMoatMobileAppKit.framework */; };
		7B55EAA42159521F00347B9D /* GMAViewController.m in Sources */ = {isa = PBXBuildFile; fileRef = 7B55EAA22159521E00347B9D /* GMAViewController.m */; };
		7BA742611FA916E60063430A /* InlinePlaybackViewController.m in Sources */ = {isa = PBXBuildFile; fileRef = 44F553E71F2A5BBB0042AC23 /* InlinePlaybackViewController.m */; };
		7BA742641FA916E60063430A /* SDKViewController.m in Sources */ = {isa = PBXBuildFile; fileRef = 6BCDE0881DC3A3A10021D0F7 /* SDKViewController.m */; };
		7BA742651FA916E60063430A /* ResizablePlaybackViewController.m in Sources */ = {isa = PBXBuildFile; fileRef = D03C25EC1F9E81A6001AD0A7 /* ResizablePlaybackViewController.m */; };
		7BA742661FA916E60063430A /* AppDelegate.m in Sources */ = {isa = PBXBuildFile; fileRef = 6BCDE0851DC3A3A10021D0F7 /* AppDelegate.m */; };
		7BA742671FA916E60063430A /* main.m in Sources */ = {isa = PBXBuildFile; fileRef = 6BCDE0821DC3A3A10021D0F7 /* main.m */; };
		7BA7426E1FA916E60063430A /* ResizablePlaybackViewController.storyboard in Resources */ = {isa = PBXBuildFile; fileRef = D03C25E81F9E8070001AD0A7 /* ResizablePlaybackViewController.storyboard */; };
		7BA7426F1FA916E60063430A /* Assets.xcassets in Resources */ = {isa = PBXBuildFile; fileRef = 6B4DB96B1DD241B600D55FB8 /* Assets.xcassets */; };
		7BA742701FA916E60063430A /* LaunchScreen.storyboard in Resources */ = {isa = PBXBuildFile; fileRef = 6B4DB96C1DD241B600D55FB8 /* LaunchScreen.storyboard */; };
		7BA742711FA916E60063430A /* InlinePlaybackViewController.storyboard in Resources */ = {isa = PBXBuildFile; fileRef = 44F553E91F2A63B40042AC23 /* InlinePlaybackViewController.storyboard */; };
		7BA742731FA916E60063430A /* MainViewController.storyboard in Resources */ = {isa = PBXBuildFile; fileRef = 6B4DB96D1DD241B600D55FB8 /* MainViewController.storyboard */; };
		7D2E15B444C68123D455EA4C /* libPods-SpotX-Demo-ObjC.a in Frameworks */ = {isa = PBXBuildFile; fileRef = F9BB416352200EF6F8EE1E89 /* libPods-SpotX-Demo-ObjC.a */; };
/* End PBXBuildFile section */

/* Begin PBXCopyFilesBuildPhase section */
		7BA742761FA916E60063430A /* Embed Frameworks */ = {
			isa = PBXCopyFilesBuildPhase;
			buildActionMask = 2147483647;
			dstPath = "";
			dstSubfolderSpec = 10;
			files = (
			);
			name = "Embed Frameworks";
			runOnlyForDeploymentPostprocessing = 0;
		};
/* End PBXCopyFilesBuildPhase section */

/* Begin PBXFileReference section */
		0E55DC972121EB3300575AF0 /* ViewControllerBase.h */ = {isa = PBXFileReference; lastKnownFileType = sourcecode.c.h; path = ViewControllerBase.h; sourceTree = "<group>"; };
		0E55DC982121EB3300575AF0 /* ViewControllerBase.m */ = {isa = PBXFileReference; lastKnownFileType = sourcecode.c.objc; path = ViewControllerBase.m; sourceTree = "<group>"; };
		0E804E9720600DCA00C6D9D9 /* BrightcovePlayerController.storyboard */ = {isa = PBXFileReference; fileEncoding = 4; lastKnownFileType = file.storyboard; path = BrightcovePlayerController.storyboard; sourceTree = "<group>"; };
		0EC1A81C2056DFAA0033674A /* BrightcovePlayerController.h */ = {isa = PBXFileReference; lastKnownFileType = sourcecode.c.h; path = BrightcovePlayerController.h; sourceTree = "<group>"; };
		0EC1A81D2056DFAA0033674A /* BrightcovePlayerController.m */ = {isa = PBXFileReference; lastKnownFileType = sourcecode.c.objc; path = BrightcovePlayerController.m; sourceTree = "<group>"; };
		0EC1A82D205976E10033674A /* SettingsViewController.storyboard */ = {isa = PBXFileReference; fileEncoding = 4; lastKnownFileType = file.storyboard; path = SettingsViewController.storyboard; sourceTree = "<group>"; };
		0EC1A830205988070033674A /* BrightcoveViewController.h */ = {isa = PBXFileReference; lastKnownFileType = sourcecode.c.h; name = BrightcoveViewController.h; path = Classes/BrightcoveViewController.h; sourceTree = SOURCE_ROOT; };
		0EC1A831205988070033674A /* BrightcoveViewController.m */ = {isa = PBXFileReference; lastKnownFileType = sourcecode.c.objc; name = BrightcoveViewController.m; path = Classes/BrightcoveViewController.m; sourceTree = SOURCE_ROOT; };
		0ED15D4C1FE304B500246AED /* MoPubViewController.h */ = {isa = PBXFileReference; fileEncoding = 4; lastKnownFileType = sourcecode.c.h; path = MoPubViewController.h; sourceTree = "<group>"; };
		0ED15D4D1FE304B500246AED /* MoPubViewController.m */ = {isa = PBXFileReference; fileEncoding = 4; lastKnownFileType = sourcecode.c.objc; path = MoPubViewController.m; sourceTree = "<group>"; };
		0EEFAF601FFD7F96003D1545 /* SettingsViewController.h */ = {isa = PBXFileReference; lastKnownFileType = sourcecode.c.h; name = SettingsViewController.h; path = Classes/SettingsViewController.h; sourceTree = SOURCE_ROOT; };
		0EEFAF611FFD7F96003D1545 /* SettingsViewController.m */ = {isa = PBXFileReference; lastKnownFileType = sourcecode.c.objc; name = SettingsViewController.m; path = Classes/SettingsViewController.m; sourceTree = SOURCE_ROOT; };
		0EEFAF641FFE8922003D1545 /* Preferences.m */ = {isa = PBXFileReference; fileEncoding = 4; lastKnownFileType = sourcecode.c.objc; path = Preferences.m; sourceTree = "<group>"; };
		0EEFAF651FFE8922003D1545 /* Preferences.h */ = {isa = PBXFileReference; fileEncoding = 4; lastKnownFileType = sourcecode.c.h; path = Preferences.h; sourceTree = "<group>"; };
		104E725D87CA148C534B1FB2 /* Pods-SpotX-Demo-ObjC.debug.xcconfig */ = {isa = PBXFileReference; includeInIndex = 1; lastKnownFileType = text.xcconfig; name = "Pods-SpotX-Demo-ObjC.debug.xcconfig"; path = "Pods/Target Support Files/Pods-SpotX-Demo-ObjC/Pods-SpotX-Demo-ObjC.debug.xcconfig"; sourceTree = "<group>"; };
		44F553E61F2A5BBB0042AC23 /* InlinePlaybackViewController.h */ = {isa = PBXFileReference; fileEncoding = 4; lastKnownFileType = sourcecode.c.h; path = InlinePlaybackViewController.h; sourceTree = "<group>"; };
		44F553E71F2A5BBB0042AC23 /* InlinePlaybackViewController.m */ = {isa = PBXFileReference; fileEncoding = 4; lastKnownFileType = sourcecode.c.objc; path = InlinePlaybackViewController.m; sourceTree = "<group>"; };
		44F553E91F2A63B40042AC23 /* InlinePlaybackViewController.storyboard */ = {isa = PBXFileReference; fileEncoding = 4; lastKnownFileType = file.storyboard; path = InlinePlaybackViewController.storyboard; sourceTree = "<group>"; };
		6B4DB9691DD2410E00D55FB8 /* Info-Objc.plist */ = {isa = PBXFileReference; fileEncoding = 4; lastKnownFileType = text.plist.xml; path = "Info-Objc.plist"; sourceTree = SOURCE_ROOT; };
		6B4DB96B1DD241B600D55FB8 /* Assets.xcassets */ = {isa = PBXFileReference; lastKnownFileType = folder.assetcatalog; path = Assets.xcassets; sourceTree = "<group>"; };
		6B4DB96C1DD241B600D55FB8 /* LaunchScreen.storyboard */ = {isa = PBXFileReference; fileEncoding = 4; lastKnownFileType = file.storyboard; path = LaunchScreen.storyboard; sourceTree = "<group>"; };
		6B4DB96D1DD241B600D55FB8 /* MainViewController.storyboard */ = {isa = PBXFileReference; fileEncoding = 4; lastKnownFileType = file.storyboard; path = MainViewController.storyboard; sourceTree = "<group>"; };
		6B7B651A1DC3BDD100C81610 /* UIKit.framework */ = {isa = PBXFileReference; lastKnownFileType = wrapper.framework; name = UIKit.framework; path = System/Library/Frameworks/UIKit.framework; sourceTree = SDKROOT; };
		6BCDE0821DC3A3A10021D0F7 /* main.m */ = {isa = PBXFileReference; lastKnownFileType = sourcecode.c.objc; path = main.m; sourceTree = SOURCE_ROOT; };
		6BCDE0841DC3A3A10021D0F7 /* AppDelegate.h */ = {isa = PBXFileReference; lastKnownFileType = sourcecode.c.h; path = AppDelegate.h; sourceTree = "<group>"; };
		6BCDE0851DC3A3A10021D0F7 /* AppDelegate.m */ = {isa = PBXFileReference; lastKnownFileType = sourcecode.c.objc; path = AppDelegate.m; sourceTree = "<group>"; };
		6BCDE0871DC3A3A10021D0F7 /* SDKViewController.h */ = {isa = PBXFileReference; lastKnownFileType = sourcecode.c.h; path = SDKViewController.h; sourceTree = "<group>"; };
		6BCDE0881DC3A3A10021D0F7 /* SDKViewController.m */ = {isa = PBXFileReference; lastKnownFileType = sourcecode.c.objc; path = SDKViewController.m; sourceTree = "<group>"; };
		7B55EAA22159521E00347B9D /* GMAViewController.m */ = {isa = PBXFileReference; fileEncoding = 4; lastKnownFileType = sourcecode.c.objc; path = GMAViewController.m; sourceTree = "<group>"; };
		7B55EAA32159521E00347B9D /* GMAViewController.h */ = {isa = PBXFileReference; fileEncoding = 4; lastKnownFileType = sourcecode.c.h; path = GMAViewController.h; sourceTree = "<group>"; };
		7BA742551FA8DB950063430A /* SPOTXMoatMobileAppKit.framework */ = {isa = PBXFileReference; lastKnownFileType = wrapper.framework; name = SPOTXMoatMobileAppKit.framework; path = Frameworks/SPOTXMoatMobileAppKit.framework; sourceTree = "<group>"; };
		7BA7427C1FA916E60063430A /* SpotX-Demo-ObjC.app */ = {isa = PBXFileReference; explicitFileType = wrapper.application; includeInIndex = 0; path = "SpotX-Demo-ObjC.app"; sourceTree = BUILT_PRODUCTS_DIR; };
		83829AC70588E497BB71C9AB /* Pods-SpotX-Demo-ObjC.test.xcconfig */ = {isa = PBXFileReference; includeInIndex = 1; lastKnownFileType = text.xcconfig; name = "Pods-SpotX-Demo-ObjC.test.xcconfig"; path = "Pods/Target Support Files/Pods-SpotX-Demo-ObjC/Pods-SpotX-Demo-ObjC.test.xcconfig"; sourceTree = "<group>"; };
		B4C150B65AD8FEDB3ECC2B6D /* Pods-SpotX-Demo-ObjC.release.xcconfig */ = {isa = PBXFileReference; includeInIndex = 1; lastKnownFileType = text.xcconfig; name = "Pods-SpotX-Demo-ObjC.release.xcconfig"; path = "Pods/Target Support Files/Pods-SpotX-Demo-ObjC/Pods-SpotX-Demo-ObjC.release.xcconfig"; sourceTree = "<group>"; };
		D03C25E81F9E8070001AD0A7 /* ResizablePlaybackViewController.storyboard */ = {isa = PBXFileReference; fileEncoding = 4; lastKnownFileType = file.storyboard; path = ResizablePlaybackViewController.storyboard; sourceTree = "<group>"; };
		D03C25EB1F9E81A6001AD0A7 /* ResizablePlaybackViewController.h */ = {isa = PBXFileReference; fileEncoding = 4; lastKnownFileType = sourcecode.c.h; path = ResizablePlaybackViewController.h; sourceTree = "<group>"; };
		D03C25EC1F9E81A6001AD0A7 /* ResizablePlaybackViewController.m */ = {isa = PBXFileReference; fileEncoding = 4; lastKnownFileType = sourcecode.c.objc; path = ResizablePlaybackViewController.m; sourceTree = "<group>"; };
		F9BB416352200EF6F8EE1E89 /* libPods-SpotX-Demo-ObjC.a */ = {isa = PBXFileReference; explicitFileType = archive.ar; includeInIndex = 0; path = "libPods-SpotX-Demo-ObjC.a"; sourceTree = BUILT_PRODUCTS_DIR; };
/* End PBXFileReference section */

/* Begin PBXFrameworksBuildPhase section */
		7BA742681FA916E60063430A /* Frameworks */ = {
			isa = PBXFrameworksBuildPhase;
			buildActionMask = 2147483647;
			files = (
				7B503F9520AC8BCB00F864B3 /* UIKit.framework in Frameworks */,
				7B503FA820AC8D3900F864B3 /* SPOTXMoatMobileAppKit.framework in Frameworks */,
				7D2E15B444C68123D455EA4C /* libPods-SpotX-Demo-ObjC.a in Frameworks */,
			);
			runOnlyForDeploymentPostprocessing = 0;
		};
/* End PBXFrameworksBuildPhase section */

/* Begin PBXGroup section */
		68EA713A5F674671D9DE328D /* Pods */ = {
			isa = PBXGroup;
			children = (
				104E725D87CA148C534B1FB2 /* Pods-SpotX-Demo-ObjC.debug.xcconfig */,
				83829AC70588E497BB71C9AB /* Pods-SpotX-Demo-ObjC.test.xcconfig */,
				B4C150B65AD8FEDB3ECC2B6D /* Pods-SpotX-Demo-ObjC.release.xcconfig */,
			);
			name = Pods;
			sourceTree = "<group>";
		};
		6B4DB9651DD2409200D55FB8 /* Assets */ = {
			isa = PBXGroup;
			children = (
				6B4DB96B1DD241B600D55FB8 /* Assets.xcassets */,
				0E804E9720600DCA00C6D9D9 /* BrightcovePlayerController.storyboard */,
				44F553E91F2A63B40042AC23 /* InlinePlaybackViewController.storyboard */,
				6B4DB96C1DD241B600D55FB8 /* LaunchScreen.storyboard */,
				6B4DB96D1DD241B600D55FB8 /* MainViewController.storyboard */,
				D03C25E81F9E8070001AD0A7 /* ResizablePlaybackViewController.storyboard */,
				0EC1A82D205976E10033674A /* SettingsViewController.storyboard */,
			);
			path = Assets;
			sourceTree = SOURCE_ROOT;
		};
		6B7B650F1DC3BC4A00C81610 /* Classes */ = {
			isa = PBXGroup;
			children = (
				7B55EAA32159521E00347B9D /* GMAViewController.h */,
				7B55EAA22159521E00347B9D /* GMAViewController.m */,
				6BCDE0841DC3A3A10021D0F7 /* AppDelegate.h */,
				6BCDE0851DC3A3A10021D0F7 /* AppDelegate.m */,
				0EC1A81C2056DFAA0033674A /* BrightcovePlayerController.h */,
				0EC1A81D2056DFAA0033674A /* BrightcovePlayerController.m */,
				0EC1A830205988070033674A /* BrightcoveViewController.h */,
				0EC1A831205988070033674A /* BrightcoveViewController.m */,
				44F553E61F2A5BBB0042AC23 /* InlinePlaybackViewController.h */,
				44F553E71F2A5BBB0042AC23 /* InlinePlaybackViewController.m */,
				0ED15D4C1FE304B500246AED /* MoPubViewController.h */,
				0ED15D4D1FE304B500246AED /* MoPubViewController.m */,
				0EEFAF651FFE8922003D1545 /* Preferences.h */,
				0EEFAF641FFE8922003D1545 /* Preferences.m */,
				D03C25EB1F9E81A6001AD0A7 /* ResizablePlaybackViewController.h */,
				D03C25EC1F9E81A6001AD0A7 /* ResizablePlaybackViewController.m */,
				6BCDE0871DC3A3A10021D0F7 /* SDKViewController.h */,
				6BCDE0881DC3A3A10021D0F7 /* SDKViewController.m */,
				0EEFAF601FFD7F96003D1545 /* SettingsViewController.h */,
				0EEFAF611FFD7F96003D1545 /* SettingsViewController.m */,
				0E55DC972121EB3300575AF0 /* ViewControllerBase.h */,
				0E55DC982121EB3300575AF0 /* ViewControllerBase.m */,
			);
			path = Classes;
			sourceTree = SOURCE_ROOT;
		};
		6B9FE09B1C93109F009C8BF0 = {
			isa = PBXGroup;
			children = (
				6B4DB9651DD2409200D55FB8 /* Assets */,
				6B7B650F1DC3BC4A00C81610 /* Classes */,
				6B4DB9691DD2410E00D55FB8 /* Info-Objc.plist */,
				6BCDE0821DC3A3A10021D0F7 /* main.m */,
				6B9FE0A61C93109F009C8BF0 /* Products */,
				6BCDE0501DC39E200021D0F7 /* Frameworks */,
				68EA713A5F674671D9DE328D /* Pods */,
			);
			sourceTree = "<group>";
		};
		6B9FE0A61C93109F009C8BF0 /* Products */ = {
			isa = PBXGroup;
			children = (
				7BA7427C1FA916E60063430A /* SpotX-Demo-ObjC.app */,
			);
			name = Products;
			sourceTree = "<group>";
		};
		6BCDE0501DC39E200021D0F7 /* Frameworks */ = {
			isa = PBXGroup;
			children = (
				7BA742551FA8DB950063430A /* SPOTXMoatMobileAppKit.framework */,
				6B7B651A1DC3BDD100C81610 /* UIKit.framework */,
				F9BB416352200EF6F8EE1E89 /* libPods-SpotX-Demo-ObjC.a */,
			);
			name = Frameworks;
			sourceTree = "<group>";
		};
/* End PBXGroup section */

/* Begin PBXNativeTarget section */
		7BA7425D1FA916E60063430A /* SpotX-Demo-ObjC */ = {
			isa = PBXNativeTarget;
			buildConfigurationList = 7BA742781FA916E60063430A /* Build configuration list for PBXNativeTarget "SpotX-Demo-ObjC" */;
			buildPhases = (
				3B742CE59B7931AEF0644FBA /* [CP] Check Pods Manifest.lock */,
				7BA742601FA916E60063430A /* Sources */,
				7BA742681FA916E60063430A /* Frameworks */,
				7BA7426C1FA916E60063430A /* Resources */,
				7BA742761FA916E60063430A /* Embed Frameworks */,
				DEAC426E712FC34CBDA0EC72 /* [CP] Embed Pods Frameworks */,
				87152E1B745976D2A5796FC8 /* [CP] Copy Pods Resources */,
			);
			buildRules = (
			);
			dependencies = (
			);
			name = "SpotX-Demo-ObjC";
			productName = "Test-iOS";
			productReference = 7BA7427C1FA916E60063430A /* SpotX-Demo-ObjC.app */;
			productType = "com.apple.product-type.application";
		};
/* End PBXNativeTarget section */

/* Begin PBXProject section */
		6B9FE09C1C93109F009C8BF0 /* Project object */ = {
			isa = PBXProject;
			attributes = {
				LastSwiftUpdateCheck = 0730;
				LastUpgradeCheck = 1010;
				ORGANIZATIONNAME = "SpotX, Inc";
				TargetAttributes = {
					7BA7425D1FA916E60063430A = {
						DevelopmentTeam = M4T49QG5CY;
					};
				};
			};
			buildConfigurationList = 6B9FE09F1C93109F009C8BF0 /* Build configuration list for PBXProject "SpotX-Demo-ObjC" */;
			compatibilityVersion = "Xcode 6.3";
			developmentRegion = English;
			hasScannedForEncodings = 0;
			knownRegions = (
				en,
				Base,
			);
			mainGroup = 6B9FE09B1C93109F009C8BF0;
			productRefGroup = 6B9FE0A61C93109F009C8BF0 /* Products */;
			projectDirPath = "";
			projectRoot = "";
			targets = (
				7BA7425D1FA916E60063430A /* SpotX-Demo-ObjC */,
			);
		};
/* End PBXProject section */

/* Begin PBXResourcesBuildPhase section */
		7BA7426C1FA916E60063430A /* Resources */ = {
			isa = PBXResourcesBuildPhase;
			buildActionMask = 2147483647;
			files = (
				7BA7426E1FA916E60063430A /* ResizablePlaybackViewController.storyboard in Resources */,
				7BA7426F1FA916E60063430A /* Assets.xcassets in Resources */,
				7BA742701FA916E60063430A /* LaunchScreen.storyboard in Resources */,
				7BA742711FA916E60063430A /* InlinePlaybackViewController.storyboard in Resources */,
				7BA742731FA916E60063430A /* MainViewController.storyboard in Resources */,
				0E804E9920600DCA00C6D9D9 /* BrightcovePlayerController.storyboard in Resources */,
				0EC1A82F205976E10033674A /* SettingsViewController.storyboard in Resources */,
			);
			runOnlyForDeploymentPostprocessing = 0;
		};
/* End PBXResourcesBuildPhase section */

/* Begin PBXShellScriptBuildPhase section */
		3B742CE59B7931AEF0644FBA /* [CP] Check Pods Manifest.lock */ = {
			isa = PBXShellScriptBuildPhase;
			buildActionMask = 2147483647;
			files = (
			);
			inputPaths = (
				"${PODS_PODFILE_DIR_PATH}/Podfile.lock",
				"${PODS_ROOT}/Manifest.lock",
			);
			name = "[CP] Check Pods Manifest.lock";
			outputPaths = (
				"$(DERIVED_FILE_DIR)/Pods-SpotX-Demo-ObjC-checkManifestLockResult.txt",
			);
			runOnlyForDeploymentPostprocessing = 0;
			shellPath = /bin/sh;
			shellScript = "diff \"${PODS_PODFILE_DIR_PATH}/Podfile.lock\" \"${PODS_ROOT}/Manifest.lock\" > /dev/null\nif [ $? != 0 ] ; then\n    # print error to STDERR\n    echo \"error: The sandbox is not in sync with the Podfile.lock. Run 'pod install' or update your CocoaPods installation.\" >&2\n    exit 1\nfi\n# This output is used by Xcode 'outputs' to avoid re-running this script phase.\necho \"SUCCESS\" > \"${SCRIPT_OUTPUT_FILE_0}\"\n";
			showEnvVarsInLog = 0;
		};
		87152E1B745976D2A5796FC8 /* [CP] Copy Pods Resources */ = {
			isa = PBXShellScriptBuildPhase;
			buildActionMask = 2147483647;
			files = (
			);
			inputPaths = (
				"${SRCROOT}/Pods/Target Support Files/Pods-SpotX-Demo-ObjC/Pods-SpotX-Demo-ObjC-resources.sh",
				"${PODS_CONFIGURATION_BUILD_DIR}/Brightcove-Player-Core/BCOVPUIResources.bundle",
				"${PODS_ROOT}/mopub-ios-sdk/MoPubSDK/Internal/Common/MPAdBrowserController.xib",
				"${PODS_ROOT}/mopub-ios-sdk/MoPubSDK/Resources/MPCloseBtn.png",
				"${PODS_ROOT}/mopub-ios-sdk/MoPubSDK/Resources/MPCloseBtn@2x.png",
				"${PODS_ROOT}/mopub-ios-sdk/MoPubSDK/Resources/MPCloseBtn@3x.png",
				"${PODS_ROOT}/mopub-ios-sdk/MoPubSDK/Resources/MPCloseButtonX.png",
				"${PODS_ROOT}/mopub-ios-sdk/MoPubSDK/Resources/MPCloseButtonX@2x.png",
				"${PODS_ROOT}/mopub-ios-sdk/MoPubSDK/Resources/MPCloseButtonX@3x.png",
				"${PODS_ROOT}/mopub-ios-sdk/MoPubSDK/Resources/MPCountdownTimer.html",
				"${PODS_ROOT}/mopub-ios-sdk/MoPubSDK/Resources/MPDAAIcon.png",
				"${PODS_ROOT}/mopub-ios-sdk/MoPubSDK/Resources/MPDAAIcon@2x.png",
				"${PODS_ROOT}/mopub-ios-sdk/MoPubSDK/Resources/MPDAAIcon@3x.png",
				"${PODS_ROOT}/mopub-ios-sdk/MoPubSDK/Resources/MPMutedBtn.png",
				"${PODS_ROOT}/mopub-ios-sdk/MoPubSDK/Resources/MPMutedBtn@2x.png",
				"${PODS_ROOT}/mopub-ios-sdk/MoPubSDK/Resources/MPMutedBtn@3x.png",
				"${PODS_ROOT}/mopub-ios-sdk/MoPubSDK/Resources/MPPlayBtn.png",
				"${PODS_ROOT}/mopub-ios-sdk/MoPubSDK/Resources/MPPlayBtn@2x.png",
				"${PODS_ROOT}/mopub-ios-sdk/MoPubSDK/Resources/MPPlayBtn@3x.png",
				"${PODS_ROOT}/mopub-ios-sdk/MoPubSDK/Resources/MPUnmutedBtn.png",
				"${PODS_ROOT}/mopub-ios-sdk/MoPubSDK/Resources/MPUnmutedBtn@2x.png",
				"${PODS_ROOT}/mopub-ios-sdk/MoPubSDK/Resources/MPUnmutedBtn@3x.png",
				"${PODS_ROOT}/mopub-ios-sdk/MoPubSDK/Resources/MRAID.bundle",
			);
			name = "[CP] Copy Pods Resources";
			outputPaths = (
				"${TARGET_BUILD_DIR}/${UNLOCALIZED_RESOURCES_FOLDER_PATH}/BCOVPUIResources.bundle",
				"${TARGET_BUILD_DIR}/${UNLOCALIZED_RESOURCES_FOLDER_PATH}/MPAdBrowserController.nib",
				"${TARGET_BUILD_DIR}/${UNLOCALIZED_RESOURCES_FOLDER_PATH}/MPCloseBtn.png",
				"${TARGET_BUILD_DIR}/${UNLOCALIZED_RESOURCES_FOLDER_PATH}/MPCloseBtn@2x.png",
				"${TARGET_BUILD_DIR}/${UNLOCALIZED_RESOURCES_FOLDER_PATH}/MPCloseBtn@3x.png",
				"${TARGET_BUILD_DIR}/${UNLOCALIZED_RESOURCES_FOLDER_PATH}/MPCloseButtonX.png",
				"${TARGET_BUILD_DIR}/${UNLOCALIZED_RESOURCES_FOLDER_PATH}/MPCloseButtonX@2x.png",
				"${TARGET_BUILD_DIR}/${UNLOCALIZED_RESOURCES_FOLDER_PATH}/MPCloseButtonX@3x.png",
				"${TARGET_BUILD_DIR}/${UNLOCALIZED_RESOURCES_FOLDER_PATH}/MPCountdownTimer.html",
				"${TARGET_BUILD_DIR}/${UNLOCALIZED_RESOURCES_FOLDER_PATH}/MPDAAIcon.png",
				"${TARGET_BUILD_DIR}/${UNLOCALIZED_RESOURCES_FOLDER_PATH}/MPDAAIcon@2x.png",
				"${TARGET_BUILD_DIR}/${UNLOCALIZED_RESOURCES_FOLDER_PATH}/MPDAAIcon@3x.png",
				"${TARGET_BUILD_DIR}/${UNLOCALIZED_RESOURCES_FOLDER_PATH}/MPMutedBtn.png",
				"${TARGET_BUILD_DIR}/${UNLOCALIZED_RESOURCES_FOLDER_PATH}/MPMutedBtn@2x.png",
				"${TARGET_BUILD_DIR}/${UNLOCALIZED_RESOURCES_FOLDER_PATH}/MPMutedBtn@3x.png",
				"${TARGET_BUILD_DIR}/${UNLOCALIZED_RESOURCES_FOLDER_PATH}/MPPlayBtn.png",
				"${TARGET_BUILD_DIR}/${UNLOCALIZED_RESOURCES_FOLDER_PATH}/MPPlayBtn@2x.png",
				"${TARGET_BUILD_DIR}/${UNLOCALIZED_RESOURCES_FOLDER_PATH}/MPPlayBtn@3x.png",
				"${TARGET_BUILD_DIR}/${UNLOCALIZED_RESOURCES_FOLDER_PATH}/MPUnmutedBtn.png",
				"${TARGET_BUILD_DIR}/${UNLOCALIZED_RESOURCES_FOLDER_PATH}/MPUnmutedBtn@2x.png",
				"${TARGET_BUILD_DIR}/${UNLOCALIZED_RESOURCES_FOLDER_PATH}/MPUnmutedBtn@3x.png",
				"${TARGET_BUILD_DIR}/${UNLOCALIZED_RESOURCES_FOLDER_PATH}/MRAID.bundle",
			);
			runOnlyForDeploymentPostprocessing = 0;
			shellPath = /bin/sh;
			shellScript = "\"${SRCROOT}/Pods/Target Support Files/Pods-SpotX-Demo-ObjC/Pods-SpotX-Demo-ObjC-resources.sh\"\n";
			showEnvVarsInLog = 0;
		};
		DEAC426E712FC34CBDA0EC72 /* [CP] Embed Pods Frameworks */ = {
			isa = PBXShellScriptBuildPhase;
			buildActionMask = 2147483647;
			files = (
			);
			inputPaths = (
				"${SRCROOT}/Pods/Target Support Files/Pods-SpotX-Demo-ObjC/Pods-SpotX-Demo-ObjC-frameworks.sh",
				"${PODS_ROOT}/Brightcove-Player-Core/ios/dynamic/BrightcovePlayerSDK.framework",
				"${PODS_ROOT}/SpotX-Brightcove-Plugin/SpotXBrightcovePlugin.framework",
				"${PODS_ROOT}/SpotX-SDK/SpotX.framework",
			);
			name = "[CP] Embed Pods Frameworks";
			outputPaths = (
				"${TARGET_BUILD_DIR}/${FRAMEWORKS_FOLDER_PATH}/BrightcovePlayerSDK.framework",
				"${TARGET_BUILD_DIR}/${FRAMEWORKS_FOLDER_PATH}/SpotXBrightcovePlugin.framework",
				"${TARGET_BUILD_DIR}/${FRAMEWORKS_FOLDER_PATH}/SpotX.framework",
			);
			runOnlyForDeploymentPostprocessing = 0;
			shellPath = /bin/sh;
			shellScript = "\"${SRCROOT}/Pods/Target Support Files/Pods-SpotX-Demo-ObjC/Pods-SpotX-Demo-ObjC-frameworks.sh\"\n";
			showEnvVarsInLog = 0;
		};
/* End PBXShellScriptBuildPhase section */

/* Begin PBXSourcesBuildPhase section */
		7BA742601FA916E60063430A /* Sources */ = {
			isa = PBXSourcesBuildPhase;
			buildActionMask = 2147483647;
			files = (
				7BA742611FA916E60063430A /* InlinePlaybackViewController.m in Sources */,
				0EC1A833205988070033674A /* BrightcoveViewController.m in Sources */,
				0EEFAF631FFD7F96003D1545 /* SettingsViewController.m in Sources */,
				0EC1A81F2056DFAA0033674A /* BrightcovePlayerController.m in Sources */,
				7BA742641FA916E60063430A /* SDKViewController.m in Sources */,
				7BA742651FA916E60063430A /* ResizablePlaybackViewController.m in Sources */,
				7B55EAA42159521F00347B9D /* GMAViewController.m in Sources */,
				7BA742661FA916E60063430A /* AppDelegate.m in Sources */,
				0ED15D4F1FE304B500246AED /* MoPubViewController.m in Sources */,
				0EEFAF671FFE8922003D1545 /* Preferences.m in Sources */,
				7BA742671FA916E60063430A /* main.m in Sources */,
				0E55DC992121EB3300575AF0 /* ViewControllerBase.m in Sources */,
			);
			runOnlyForDeploymentPostprocessing = 0;
		};
/* End PBXSourcesBuildPhase section */

/* Begin XCBuildConfiguration section */
		6B9FE0B71C93109F009C8BF0 /* Debug */ = {
			isa = XCBuildConfiguration;
			buildSettings = {
				ALWAYS_SEARCH_USER_PATHS = NO;
				CLANG_CXX_LANGUAGE_STANDARD = "gnu++0x";
				CLANG_CXX_LIBRARY = "libc++";
				CLANG_ENABLE_MODULES = YES;
				CLANG_ENABLE_MODULE_DEBUGGING = NO;
				CLANG_ENABLE_OBJC_ARC = YES;
				CLANG_WARN_BLOCK_CAPTURE_AUTORELEASING = YES;
				CLANG_WARN_BOOL_CONVERSION = YES;
				CLANG_WARN_COMMA = YES;
				CLANG_WARN_CONSTANT_CONVERSION = YES;
				CLANG_WARN_DEPRECATED_OBJC_IMPLEMENTATIONS = YES;
				CLANG_WARN_DIRECT_OBJC_ISA_USAGE = YES_ERROR;
				CLANG_WARN_EMPTY_BODY = YES;
				CLANG_WARN_ENUM_CONVERSION = YES;
				CLANG_WARN_INFINITE_RECURSION = YES;
				CLANG_WARN_INT_CONVERSION = YES;
				CLANG_WARN_NON_LITERAL_NULL_CONVERSION = YES;
				CLANG_WARN_OBJC_IMPLICIT_RETAIN_SELF = YES;
				CLANG_WARN_OBJC_LITERAL_CONVERSION = YES;
				CLANG_WARN_OBJC_ROOT_CLASS = YES_ERROR;
				CLANG_WARN_RANGE_LOOP_ANALYSIS = YES;
				CLANG_WARN_STRICT_PROTOTYPES = YES;
				CLANG_WARN_SUSPICIOUS_MOVE = YES;
				CLANG_WARN_UNREACHABLE_CODE = YES;
				CLANG_WARN__DUPLICATE_METHOD_MATCH = YES;
				COPY_PHASE_STRIP = NO;
				CURRENT_PROJECT_VERSION = 1;
				DEBUG_INFORMATION_FORMAT = dwarf;
				ENABLE_STRICT_OBJC_MSGSEND = YES;
				ENABLE_TESTABILITY = YES;
				GCC_C_LANGUAGE_STANDARD = gnu99;
				GCC_DYNAMIC_NO_PIC = NO;
				GCC_NO_COMMON_BLOCKS = YES;
				GCC_OPTIMIZATION_LEVEL = 0;
				GCC_PREPROCESSOR_DEFINITIONS = (
					"DEBUG=1",
					"$(inherited)",
				);
				GCC_WARN_64_TO_32_BIT_CONVERSION = YES;
				GCC_WARN_ABOUT_RETURN_TYPE = YES_ERROR;
				GCC_WARN_UNDECLARED_SELECTOR = YES;
				GCC_WARN_UNINITIALIZED_AUTOS = YES_AGGRESSIVE;
				GCC_WARN_UNUSED_FUNCTION = YES;
				GCC_WARN_UNUSED_VARIABLE = YES;
				IPHONEOS_DEPLOYMENT_TARGET = 9.0;
				MTL_ENABLE_DEBUG_INFO = YES;
				ONLY_ACTIVE_ARCH = YES;
				SDKROOT = iphoneos;
				TARGETED_DEVICE_FAMILY = 1;
				TVOS_DEPLOYMENT_TARGET = 9.1;
				VERSIONING_SYSTEM = "apple-generic";
				VERSION_INFO_PREFIX = "";
			};
			name = Debug;
		};
		6B9FE0B81C93109F009C8BF0 /* Release */ = {
			isa = XCBuildConfiguration;
			buildSettings = {
				ALWAYS_SEARCH_USER_PATHS = NO;
				CLANG_CXX_LANGUAGE_STANDARD = "gnu++0x";
				CLANG_CXX_LIBRARY = "libc++";
				CLANG_ENABLE_MODULES = YES;
				CLANG_ENABLE_MODULE_DEBUGGING = NO;
				CLANG_ENABLE_OBJC_ARC = YES;
				CLANG_WARN_BLOCK_CAPTURE_AUTORELEASING = YES;
				CLANG_WARN_BOOL_CONVERSION = YES;
				CLANG_WARN_COMMA = YES;
				CLANG_WARN_CONSTANT_CONVERSION = YES;
				CLANG_WARN_DEPRECATED_OBJC_IMPLEMENTATIONS = YES;
				CLANG_WARN_DIRECT_OBJC_ISA_USAGE = YES_ERROR;
				CLANG_WARN_EMPTY_BODY = YES;
				CLANG_WARN_ENUM_CONVERSION = YES;
				CLANG_WARN_INFINITE_RECURSION = YES;
				CLANG_WARN_INT_CONVERSION = YES;
				CLANG_WARN_NON_LITERAL_NULL_CONVERSION = YES;
				CLANG_WARN_OBJC_IMPLICIT_RETAIN_SELF = YES;
				CLANG_WARN_OBJC_LITERAL_CONVERSION = YES;
				CLANG_WARN_OBJC_ROOT_CLASS = YES_ERROR;
				CLANG_WARN_RANGE_LOOP_ANALYSIS = YES;
				CLANG_WARN_STRICT_PROTOTYPES = YES;
				CLANG_WARN_SUSPICIOUS_MOVE = YES;
				CLANG_WARN_UNREACHABLE_CODE = YES;
				CLANG_WARN__DUPLICATE_METHOD_MATCH = YES;
				COPY_PHASE_STRIP = NO;
				CURRENT_PROJECT_VERSION = 1;
				DEBUG_INFORMATION_FORMAT = "dwarf-with-dsym";
				ENABLE_NS_ASSERTIONS = NO;
				ENABLE_STRICT_OBJC_MSGSEND = YES;
				GCC_C_LANGUAGE_STANDARD = gnu99;
				GCC_NO_COMMON_BLOCKS = YES;
				GCC_WARN_64_TO_32_BIT_CONVERSION = YES;
				GCC_WARN_ABOUT_RETURN_TYPE = YES_ERROR;
				GCC_WARN_UNDECLARED_SELECTOR = YES;
				GCC_WARN_UNINITIALIZED_AUTOS = YES_AGGRESSIVE;
				GCC_WARN_UNUSED_FUNCTION = YES;
				GCC_WARN_UNUSED_VARIABLE = YES;
				IPHONEOS_DEPLOYMENT_TARGET = 9.0;
				MTL_ENABLE_DEBUG_INFO = NO;
				SDKROOT = iphoneos;
				TARGETED_DEVICE_FAMILY = 1;
				TVOS_DEPLOYMENT_TARGET = 9.1;
				VALIDATE_PRODUCT = YES;
				VERSIONING_SYSTEM = "apple-generic";
				VERSION_INFO_PREFIX = "";
			};
			name = Release;
		};
		7B46E1FA1F016FEE00E31046 /* Test */ = {
			isa = XCBuildConfiguration;
			buildSettings = {
				ALWAYS_SEARCH_USER_PATHS = NO;
				CLANG_CXX_LANGUAGE_STANDARD = "gnu++0x";
				CLANG_CXX_LIBRARY = "libc++";
				CLANG_ENABLE_MODULES = YES;
				CLANG_ENABLE_MODULE_DEBUGGING = NO;
				CLANG_ENABLE_OBJC_ARC = YES;
				CLANG_WARN_BLOCK_CAPTURE_AUTORELEASING = YES;
				CLANG_WARN_BOOL_CONVERSION = YES;
				CLANG_WARN_COMMA = YES;
				CLANG_WARN_CONSTANT_CONVERSION = YES;
				CLANG_WARN_DEPRECATED_OBJC_IMPLEMENTATIONS = YES;
				CLANG_WARN_DIRECT_OBJC_ISA_USAGE = YES_ERROR;
				CLANG_WARN_EMPTY_BODY = YES;
				CLANG_WARN_ENUM_CONVERSION = YES;
				CLANG_WARN_INFINITE_RECURSION = YES;
				CLANG_WARN_INT_CONVERSION = YES;
				CLANG_WARN_NON_LITERAL_NULL_CONVERSION = YES;
				CLANG_WARN_OBJC_IMPLICIT_RETAIN_SELF = YES;
				CLANG_WARN_OBJC_LITERAL_CONVERSION = YES;
				CLANG_WARN_OBJC_ROOT_CLASS = YES_ERROR;
				CLANG_WARN_RANGE_LOOP_ANALYSIS = YES;
				CLANG_WARN_STRICT_PROTOTYPES = YES;
				CLANG_WARN_SUSPICIOUS_MOVE = YES;
				CLANG_WARN_UNREACHABLE_CODE = YES;
				CLANG_WARN__DUPLICATE_METHOD_MATCH = YES;
				COPY_PHASE_STRIP = NO;
				CURRENT_PROJECT_VERSION = 1;
				DEBUG_INFORMATION_FORMAT = dwarf;
				ENABLE_STRICT_OBJC_MSGSEND = YES;
				ENABLE_TESTABILITY = YES;
				GCC_C_LANGUAGE_STANDARD = gnu99;
				GCC_DYNAMIC_NO_PIC = NO;
				GCC_NO_COMMON_BLOCKS = YES;
				GCC_OPTIMIZATION_LEVEL = 0;
				GCC_PREPROCESSOR_DEFINITIONS = (
					"DEBUG=1",
					"$(inherited)",
					"TEST_ONLY=1",
				);
				GCC_WARN_64_TO_32_BIT_CONVERSION = YES;
				GCC_WARN_ABOUT_RETURN_TYPE = YES_ERROR;
				GCC_WARN_UNDECLARED_SELECTOR = YES;
				GCC_WARN_UNINITIALIZED_AUTOS = YES_AGGRESSIVE;
				GCC_WARN_UNUSED_FUNCTION = YES;
				GCC_WARN_UNUSED_VARIABLE = YES;
				IPHONEOS_DEPLOYMENT_TARGET = 9.0;
				MTL_ENABLE_DEBUG_INFO = YES;
				ONLY_ACTIVE_ARCH = YES;
				SDKROOT = iphoneos;
				TARGETED_DEVICE_FAMILY = 1;
				TVOS_DEPLOYMENT_TARGET = 9.1;
				VERSIONING_SYSTEM = "apple-generic";
				VERSION_INFO_PREFIX = "";
			};
			name = Test;
		};
		7BA742791FA916E60063430A /* Debug */ = {
			isa = XCBuildConfiguration;
			baseConfigurationReference = 104E725D87CA148C534B1FB2 /* Pods-SpotX-Demo-ObjC.debug.xcconfig */;
			buildSettings = {
				ASSETCATALOG_COMPILER_APPICON_NAME = AppIcon;
				CLANG_ANALYZER_NONNULL = YES;
				CLANG_WARN_DOCUMENTATION_COMMENTS = YES;
				CLANG_WARN_SUSPICIOUS_MOVES = YES;
				"CODE_SIGN_IDENTITY[sdk=iphoneos*]" = "iPhone Developer";
				DEVELOPMENT_TEAM = M4T49QG5CY;
				FRAMEWORK_SEARCH_PATHS = (
					"$(inherited)",
					"$(PROJECT_DIR)/Frameworks",
				);
				INFOPLIST_FILE = "$(SRCROOT)/Info-Objc.plist";
				IPHONEOS_DEPLOYMENT_TARGET = 9.0;
				LD_RUNPATH_SEARCH_PATHS = "$(inherited) @executable_path/Frameworks";
				OTHER_LDFLAGS = (
					"$(inherited)",
					"-ObjC",
				);
				PRODUCT_BUNDLE_IDENTIFIER = com.spotxchange.sdk.SpotXDemoObjC;
				PRODUCT_NAME = "$(TARGET_NAME)";
				PROVISIONING_PROFILE = "";
				PROVISIONING_PROFILE_SPECIFIER = "";
				SDKROOT = iphoneos;
				TARGETED_DEVICE_FAMILY = "1,2";
			};
			name = Debug;
		};
		7BA7427A1FA916E60063430A /* Test */ = {
			isa = XCBuildConfiguration;
			baseConfigurationReference = 83829AC70588E497BB71C9AB /* Pods-SpotX-Demo-ObjC.test.xcconfig */;
			buildSettings = {
				ASSETCATALOG_COMPILER_APPICON_NAME = AppIcon;
				CLANG_ANALYZER_NONNULL = YES;
				CLANG_WARN_DOCUMENTATION_COMMENTS = YES;
				CLANG_WARN_SUSPICIOUS_MOVES = YES;
				"CODE_SIGN_IDENTITY[sdk=iphoneos*]" = "iPhone Developer";
				DEVELOPMENT_TEAM = M4T49QG5CY;
				FRAMEWORK_SEARCH_PATHS = (
					"$(inherited)",
					"$(PROJECT_DIR)/Frameworks",
				);
				GCC_PREPROCESSOR_DEFINITIONS = "$(inherited)";
				INFOPLIST_FILE = "$(SRCROOT)/Info-Objc.plist";
				IPHONEOS_DEPLOYMENT_TARGET = 9.0;
				LD_RUNPATH_SEARCH_PATHS = "$(inherited) @executable_path/Frameworks";
				OTHER_LDFLAGS = (
					"$(inherited)",
					"-ObjC",
				);
				PRODUCT_BUNDLE_IDENTIFIER = com.spotxchange.sdk.SpotXDemoObjC;
				PRODUCT_NAME = "$(TARGET_NAME)";
				PROVISIONING_PROFILE = "";
				PROVISIONING_PROFILE_SPECIFIER = "";
				SDKROOT = iphoneos;
				TARGETED_DEVICE_FAMILY = "1,2";
			};
			name = Test;
		};
		7BA7427B1FA916E60063430A /* Release */ = {
			isa = XCBuildConfiguration;
			baseConfigurationReference = B4C150B65AD8FEDB3ECC2B6D /* Pods-SpotX-Demo-ObjC.release.xcconfig */;
			buildSettings = {
				ASSETCATALOG_COMPILER_APPICON_NAME = AppIcon;
				CLANG_ANALYZER_NONNULL = YES;
				CLANG_WARN_DOCUMENTATION_COMMENTS = YES;
				CLANG_WARN_SUSPICIOUS_MOVES = YES;
				"CODE_SIGN_IDENTITY[sdk=iphoneos*]" = "iPhone Developer";
				DEVELOPMENT_TEAM = M4T49QG5CY;
				FRAMEWORK_SEARCH_PATHS = (
					"$(inherited)",
					"$(PROJECT_DIR)/Frameworks",
				);
				INFOPLIST_FILE = "$(SRCROOT)/Info-Objc.plist";
				IPHONEOS_DEPLOYMENT_TARGET = 9.0;
				LD_RUNPATH_SEARCH_PATHS = "$(inherited) @executable_path/Frameworks";
				OTHER_LDFLAGS = (
					"$(inherited)",
					"-ObjC",
				);
				PRODUCT_BUNDLE_IDENTIFIER = com.spotxchange.sdk.SpotXDemoObjC;
				PRODUCT_NAME = "$(TARGET_NAME)";
				PROVISIONING_PROFILE = "";
				PROVISIONING_PROFILE_SPECIFIER = "";
				SDKROOT = iphoneos;
				TARGETED_DEVICE_FAMILY = "1,2";
			};
			name = Release;
		};
/* End XCBuildConfiguration section */

/* Begin XCConfigurationList section */
		6B9FE09F1C93109F009C8BF0 /* Build configuration list for PBXProject "SpotX-Demo-ObjC" */ = {
			isa = XCConfigurationList;
			buildConfigurations = (
				6B9FE0B71C93109F009C8BF0 /* Debug */,
				7B46E1FA1F016FEE00E31046 /* Test */,
				6B9FE0B81C93109F009C8BF0 /* Release */,
			);
			defaultConfigurationIsVisible = 0;
			defaultConfigurationName = Release;
		};
		7BA742781FA916E60063430A /* Build configuration list for PBXNativeTarget "SpotX-Demo-ObjC" */ = {
			isa = XCConfigurationList;
			buildConfigurations = (
				7BA742791FA916E60063430A /* Debug */,
				7BA7427A1FA916E60063430A /* Test */,
				7BA7427B1FA916E60063430A /* Release */,
			);
			defaultConfigurationIsVisible = 0;
			defaultConfigurationName = Release;
		};
/* End XCConfigurationList section */
	};
	rootObject = 6B9FE09C1C93109F009C8BF0 /* Project object */;
}
