// !$*UTF8*$!
{
	archiveVersion = 1;
	classes = {
	};
	objectVersion = 48;
	objects = {

/* Begin PBXBuildFile section */
		0E55DC84211A209800575AF0 /* Preferences.swift in Sources */ = {isa = PBXBuildFile; fileRef = 0E55DC83211A209800575AF0 /* Preferences.swift */; };
		0E55DC87211A3F0A00575AF0 /* InlinePlaybackViewController.swift in Sources */ = {isa = PBXBuildFile; fileRef = 0E55DC85211A3F0A00575AF0 /* InlinePlaybackViewController.swift */; };
		0E55DC8A211A455100575AF0 /* InlinePlaybackViewController.storyboard in Resources */ = {isa = PBXBuildFile; fileRef = 0E55DC89211A455100575AF0 /* InlinePlaybackViewController.storyboard */; };
		0E55DC90211B7DF500575AF0 /* ResizablePlaybackViewController.swift in Sources */ = {isa = PBXBuildFile; fileRef = 0E55DC8F211B7DF500575AF0 /* ResizablePlaybackViewController.swift */; };
		0E55DC92211B81DA00575AF0 /* ResizablePlaybackViewController.storyboard in Resources */ = {isa = PBXBuildFile; fileRef = 0E55DC91211B81DA00575AF0 /* ResizablePlaybackViewController.storyboard */; };
		0E55DC94211B8CAB00575AF0 /* SettingsViewController.swift in Sources */ = {isa = PBXBuildFile; fileRef = 0E55DC93211B8CAB00575AF0 /* SettingsViewController.swift */; };
		0E55DC96211CD8BB00575AF0 /* SettingsViewController.storyboard in Resources */ = {isa = PBXBuildFile; fileRef = 0E55DC95211CD8BA00575AF0 /* SettingsViewController.storyboard */; };
		0E55DC9B212216AC00575AF0 /* MoPubViewController.swift in Sources */ = {isa = PBXBuildFile; fileRef = 0E55DC9A212216AC00575AF0 /* MoPubViewController.swift */; };
		0E55DC9D212217BF00575AF0 /* ViewControllerBase.swift in Sources */ = {isa = PBXBuildFile; fileRef = 0E55DC9C212217BF00575AF0 /* ViewControllerBase.swift */; };
		0E55DCA02124865A00575AF0 /* BrightcoveViewController.swift in Sources */ = {isa = PBXBuildFile; fileRef = 0E55DC9F2124865A00575AF0 /* BrightcoveViewController.swift */; };
		0E55DCA22124994800575AF0 /* BrightcovePlayerController.storyboard in Resources */ = {isa = PBXBuildFile; fileRef = 0E55DCA12124994700575AF0 /* BrightcovePlayerController.storyboard */; };
		0E55DCA421249A1000575AF0 /* BrightcovePlayerController.swift in Sources */ = {isa = PBXBuildFile; fileRef = 0E55DCA321249A1000575AF0 /* BrightcovePlayerController.swift */; };
		23F063C94CF3CAECD5F492FA /* libPods-SpotX-Demo-Swift.a in Frameworks */ = {isa = PBXBuildFile; fileRef = AF9CDD35735E0877D0964353 /* libPods-SpotX-Demo-Swift.a */; };
		7B24058E20AB46C600AAAD0A /* UIKit.framework in Frameworks */ = {isa = PBXBuildFile; fileRef = 7B24058D20AB46C600AAAD0A /* UIKit.framework */; };
		7B29ED0E21599707008272D3 /* GMAViewController.swift in Sources */ = {isa = PBXBuildFile; fileRef = 7B29ED0D21599707008272D3 /* GMAViewController.swift */; };
		7B3FC60E20ACCBA50033923C /* MainViewController.storyboard in Resources */ = {isa = PBXBuildFile; fileRef = 7B3FC60D20ACCBA40033923C /* MainViewController.storyboard */; };
		7B3FC61020ACCFD70033923C /* SDKViewController.swift in Sources */ = {isa = PBXBuildFile; fileRef = 7B3FC60F20ACCFD70033923C /* SDKViewController.swift */; };
		7B503FAE20AC8DC900F864B3 /* SPOTXMoatMobileAppKit.framework in Frameworks */ = {isa = PBXBuildFile; fileRef = 7B24058F20AB470100AAAD0A /* SPOTXMoatMobileAppKit.framework */; };
		7B54175820AB3F3F0022CB90 /* AppDelegate.swift in Sources */ = {isa = PBXBuildFile; fileRef = 7B54175720AB3F3F0022CB90 /* AppDelegate.swift */; };
		7BE8053120AB40A8001AF80A /* Assets.xcassets in Resources */ = {isa = PBXBuildFile; fileRef = 7BE8053020AB40A8001AF80A /* Assets.xcassets */; };
		7BE8053420AB40CB001AF80A /* LaunchScreen.storyboard in Resources */ = {isa = PBXBuildFile; fileRef = 7BE8053220AB40CB001AF80A /* LaunchScreen.storyboard */; };
/* End PBXBuildFile section */

/* Begin PBXCopyFilesBuildPhase section */
		7B24058620AB466E00AAAD0A /* Embed Frameworks */ = {
			isa = PBXCopyFilesBuildPhase;
			buildActionMask = 2147483647;
			dstPath = "";
			dstSubfolderSpec = 10;
			files = (
			);
			name = "Embed Frameworks";
			runOnlyForDeploymentPostprocessing = 0;
		};
/* End PBXCopyFilesBuildPhase section */

/* Begin PBXFileReference section */
		0E55DC83211A209800575AF0 /* Preferences.swift */ = {isa = PBXFileReference; lastKnownFileType = sourcecode.swift; path = Preferences.swift; sourceTree = "<group>"; };
		0E55DC85211A3F0A00575AF0 /* InlinePlaybackViewController.swift */ = {isa = PBXFileReference; lastKnownFileType = sourcecode.swift; path = InlinePlaybackViewController.swift; sourceTree = "<group>"; };
		0E55DC89211A455100575AF0 /* InlinePlaybackViewController.storyboard */ = {isa = PBXFileReference; fileEncoding = 4; lastKnownFileType = file.storyboard; path = InlinePlaybackViewController.storyboard; sourceTree = "<group>"; };
		0E55DC8F211B7DF500575AF0 /* ResizablePlaybackViewController.swift */ = {isa = PBXFileReference; lastKnownFileType = sourcecode.swift; path = ResizablePlaybackViewController.swift; sourceTree = "<group>"; };
		0E55DC91211B81DA00575AF0 /* ResizablePlaybackViewController.storyboard */ = {isa = PBXFileReference; fileEncoding = 4; lastKnownFileType = file.storyboard; path = ResizablePlaybackViewController.storyboard; sourceTree = "<group>"; };
		0E55DC93211B8CAB00575AF0 /* SettingsViewController.swift */ = {isa = PBXFileReference; lastKnownFileType = sourcecode.swift; path = SettingsViewController.swift; sourceTree = "<group>"; };
		0E55DC95211CD8BA00575AF0 /* SettingsViewController.storyboard */ = {isa = PBXFileReference; fileEncoding = 4; lastKnownFileType = file.storyboard; path = SettingsViewController.storyboard; sourceTree = "<group>"; };
		0E55DC9A212216AC00575AF0 /* MoPubViewController.swift */ = {isa = PBXFileReference; lastKnownFileType = sourcecode.swift; path = MoPubViewController.swift; sourceTree = "<group>"; };
		0E55DC9C212217BF00575AF0 /* ViewControllerBase.swift */ = {isa = PBXFileReference; lastKnownFileType = sourcecode.swift; path = ViewControllerBase.swift; sourceTree = "<group>"; };
		0E55DC9E212331A400575AF0 /* ObjC-Bridging-Header.h */ = {isa = PBXFileReference; lastKnownFileType = sourcecode.c.h; path = "ObjC-Bridging-Header.h"; sourceTree = "<group>"; };
		0E55DC9F2124865A00575AF0 /* BrightcoveViewController.swift */ = {isa = PBXFileReference; lastKnownFileType = sourcecode.swift; path = BrightcoveViewController.swift; sourceTree = "<group>"; };
		0E55DCA12124994700575AF0 /* BrightcovePlayerController.storyboard */ = {isa = PBXFileReference; fileEncoding = 4; lastKnownFileType = file.storyboard; path = BrightcovePlayerController.storyboard; sourceTree = "<group>"; };
		0E55DCA321249A1000575AF0 /* BrightcovePlayerController.swift */ = {isa = PBXFileReference; lastKnownFileType = sourcecode.swift; path = BrightcovePlayerController.swift; sourceTree = "<group>"; };
		0F821330CE63A78272DCFADE /* Pods-SpotX-Demo-Swift.test.xcconfig */ = {isa = PBXFileReference; includeInIndex = 1; lastKnownFileType = text.xcconfig; name = "Pods-SpotX-Demo-Swift.test.xcconfig"; path = "Pods/Target Support Files/Pods-SpotX-Demo-Swift/Pods-SpotX-Demo-Swift.test.xcconfig"; sourceTree = "<group>"; };
		6E884F739DBC0AB99796F4A4 /* Pods-SpotX-Demo-Swift.release.xcconfig */ = {isa = PBXFileReference; includeInIndex = 1; lastKnownFileType = text.xcconfig; name = "Pods-SpotX-Demo-Swift.release.xcconfig"; path = "Pods/Target Support Files/Pods-SpotX-Demo-Swift/Pods-SpotX-Demo-Swift.release.xcconfig"; sourceTree = "<group>"; };
		7B24058D20AB46C600AAAD0A /* UIKit.framework */ = {isa = PBXFileReference; lastKnownFileType = wrapper.framework; name = UIKit.framework; path = System/Library/Frameworks/UIKit.framework; sourceTree = SDKROOT; };
		7B24058F20AB470100AAAD0A /* SPOTXMoatMobileAppKit.framework */ = {isa = PBXFileReference; lastKnownFileType = wrapper.framework; name = SPOTXMoatMobileAppKit.framework; path = ../Frameworks/SPOTXMoatMobileAppKit.framework; sourceTree = "<group>"; };
		7B29ED0D21599707008272D3 /* GMAViewController.swift */ = {isa = PBXFileReference; lastKnownFileType = sourcecode.swift; path = GMAViewController.swift; sourceTree = "<group>"; };
		7B3FC60D20ACCBA40033923C /* MainViewController.storyboard */ = {isa = PBXFileReference; fileEncoding = 4; lastKnownFileType = file.storyboard; path = MainViewController.storyboard; sourceTree = "<group>"; };
		7B3FC60F20ACCFD70033923C /* SDKViewController.swift */ = {isa = PBXFileReference; lastKnownFileType = sourcecode.swift; path = SDKViewController.swift; sourceTree = "<group>"; };
		7B54175420AB3F3F0022CB90 /* SpotX-Demo-Swift.app */ = {isa = PBXFileReference; explicitFileType = wrapper.application; includeInIndex = 0; path = "SpotX-Demo-Swift.app"; sourceTree = BUILT_PRODUCTS_DIR; };
		7B54175720AB3F3F0022CB90 /* AppDelegate.swift */ = {isa = PBXFileReference; lastKnownFileType = sourcecode.swift; path = AppDelegate.swift; sourceTree = "<group>"; };
		7B54176320AB3F3F0022CB90 /* Info-Swift.plist */ = {isa = PBXFileReference; lastKnownFileType = text.plist.xml; path = "Info-Swift.plist"; sourceTree = "<group>"; };
		7BE8053020AB40A8001AF80A /* Assets.xcassets */ = {isa = PBXFileReference; lastKnownFileType = folder.assetcatalog; path = Assets.xcassets; sourceTree = "<group>"; };
		7BE8053220AB40CB001AF80A /* LaunchScreen.storyboard */ = {isa = PBXFileReference; fileEncoding = 4; lastKnownFileType = file.storyboard; path = LaunchScreen.storyboard; sourceTree = "<group>"; };
		7DD0FD2B094F2EFB3C30C97A /* Pods-SpotX-Demo-Swift.debug.xcconfig */ = {isa = PBXFileReference; includeInIndex = 1; lastKnownFileType = text.xcconfig; name = "Pods-SpotX-Demo-Swift.debug.xcconfig"; path = "Pods/Target Support Files/Pods-SpotX-Demo-Swift/Pods-SpotX-Demo-Swift.debug.xcconfig"; sourceTree = "<group>"; };
		AF9CDD35735E0877D0964353 /* libPods-SpotX-Demo-Swift.a */ = {isa = PBXFileReference; explicitFileType = archive.ar; includeInIndex = 0; path = "libPods-SpotX-Demo-Swift.a"; sourceTree = BUILT_PRODUCTS_DIR; };
/* End PBXFileReference section */

/* Begin PBXFrameworksBuildPhase section */
		7B54175120AB3F3F0022CB90 /* Frameworks */ = {
			isa = PBXFrameworksBuildPhase;
			buildActionMask = 2147483647;
			files = (
				7B24058E20AB46C600AAAD0A /* UIKit.framework in Frameworks */,
				7B503FAE20AC8DC900F864B3 /* SPOTXMoatMobileAppKit.framework in Frameworks */,
				23F063C94CF3CAECD5F492FA /* libPods-SpotX-Demo-Swift.a in Frameworks */,
			);
			runOnlyForDeploymentPostprocessing = 0;
		};
/* End PBXFrameworksBuildPhase section */

/* Begin PBXGroup section */
		5D1D19C231370BECD4924297 /* Frameworks */ = {
			isa = PBXGroup;
			children = (
				7B24058F20AB470100AAAD0A /* SPOTXMoatMobileAppKit.framework */,
				7B24058D20AB46C600AAAD0A /* UIKit.framework */,
				AF9CDD35735E0877D0964353 /* libPods-SpotX-Demo-Swift.a */,
			);
			name = Frameworks;
			sourceTree = "<group>";
		};
		7B54174B20AB3F3F0022CB90 = {
			isa = PBXGroup;
			children = (
				7BE8052E20AB405F001AF80A /* Assets */,
				7BE8052F20AB406B001AF80A /* Classes */,
				7B54176320AB3F3F0022CB90 /* Info-Swift.plist */,
				7B54175520AB3F3F0022CB90 /* Products */,
				5D1D19C231370BECD4924297 /* Frameworks */,
				97B0CC5DBF4BB6032BA197E1 /* Pods */,
			);
			sourceTree = "<group>";
		};
		7B54175520AB3F3F0022CB90 /* Products */ = {
			isa = PBXGroup;
			children = (
				7B54175420AB3F3F0022CB90 /* SpotX-Demo-Swift.app */,
			);
			name = Products;
			sourceTree = "<group>";
		};
		7BE8052E20AB405F001AF80A /* Assets */ = {
			isa = PBXGroup;
			children = (
				7BE8053020AB40A8001AF80A /* Assets.xcassets */,
				0E55DCA12124994700575AF0 /* BrightcovePlayerController.storyboard */,
				0E55DC89211A455100575AF0 /* InlinePlaybackViewController.storyboard */,
				7BE8053220AB40CB001AF80A /* LaunchScreen.storyboard */,
				7B3FC60D20ACCBA40033923C /* MainViewController.storyboard */,
				0E55DC91211B81DA00575AF0 /* ResizablePlaybackViewController.storyboard */,
				0E55DC95211CD8BA00575AF0 /* SettingsViewController.storyboard */,
			);
			path = Assets;
			sourceTree = "<group>";
		};
		7BE8052F20AB406B001AF80A /* Classes */ = {
			isa = PBXGroup;
			children = (
				7B54175720AB3F3F0022CB90 /* AppDelegate.swift */,
				0E55DCA321249A1000575AF0 /* BrightcovePlayerController.swift */,
				0E55DC9F2124865A00575AF0 /* BrightcoveViewController.swift */,
				0E55DC85211A3F0A00575AF0 /* InlinePlaybackViewController.swift */,
				0E55DC9A212216AC00575AF0 /* MoPubViewController.swift */,
				0E55DC9E212331A400575AF0 /* ObjC-Bridging-Header.h */,
				0E55DC83211A209800575AF0 /* Preferences.swift */,
				0E55DC8F211B7DF500575AF0 /* ResizablePlaybackViewController.swift */,
				7B3FC60F20ACCFD70033923C /* SDKViewController.swift */,
				0E55DC93211B8CAB00575AF0 /* SettingsViewController.swift */,
				0E55DC9C212217BF00575AF0 /* ViewControllerBase.swift */,
				7B29ED0D21599707008272D3 /* GMAViewController.swift */,
			);
			path = Classes;
			sourceTree = "<group>";
		};
		97B0CC5DBF4BB6032BA197E1 /* Pods */ = {
			isa = PBXGroup;
			children = (
				7DD0FD2B094F2EFB3C30C97A /* Pods-SpotX-Demo-Swift.debug.xcconfig */,
				0F821330CE63A78272DCFADE /* Pods-SpotX-Demo-Swift.test.xcconfig */,
				6E884F739DBC0AB99796F4A4 /* Pods-SpotX-Demo-Swift.release.xcconfig */,
			);
			name = Pods;
			sourceTree = "<group>";
		};
/* End PBXGroup section */

/* Begin PBXNativeTarget section */
		7B54175320AB3F3F0022CB90 /* SpotX-Demo-Swift */ = {
			isa = PBXNativeTarget;
			buildConfigurationList = 7B54176620AB3F3F0022CB90 /* Build configuration list for PBXNativeTarget "SpotX-Demo-Swift" */;
			buildPhases = (
				8163A2F1DC023031F01F36DC /* [CP] Check Pods Manifest.lock */,
				7B54175020AB3F3F0022CB90 /* Sources */,
				7B54175120AB3F3F0022CB90 /* Frameworks */,
				7B54175220AB3F3F0022CB90 /* Resources */,
				7B24058620AB466E00AAAD0A /* Embed Frameworks */,
				6709128EB223AE13CB7D42EE /* [CP] Embed Pods Frameworks */,
				C2EF722CE942AFF18B37012B /* [CP] Copy Pods Resources */,
			);
			buildRules = (
			);
			dependencies = (
			);
			name = "SpotX-Demo-Swift";
			productName = "SpotX-Demo-Swift";
			productReference = 7B54175420AB3F3F0022CB90 /* SpotX-Demo-Swift.app */;
			productType = "com.apple.product-type.application";
		};
/* End PBXNativeTarget section */

/* Begin PBXProject section */
		7B54174C20AB3F3F0022CB90 /* Project object */ = {
			isa = PBXProject;
			attributes = {
				LastSwiftUpdateCheck = 0920;
				LastUpgradeCheck = 1010;
				ORGANIZATIONNAME = SpotX;
				TargetAttributes = {
					7B54175320AB3F3F0022CB90 = {
						CreatedOnToolsVersion = 9.2;
						LastSwiftMigration = 1010;
						ProvisioningStyle = Automatic;
					};
				};
			};
			buildConfigurationList = 7B54174F20AB3F3F0022CB90 /* Build configuration list for PBXProject "SpotX-Demo-Swift" */;
			compatibilityVersion = "Xcode 8.0";
			developmentRegion = en;
			hasScannedForEncodings = 0;
			knownRegions = (
				en,
				Base,
			);
			mainGroup = 7B54174B20AB3F3F0022CB90;
			productRefGroup = 7B54175520AB3F3F0022CB90 /* Products */;
			projectDirPath = "";
			projectRoot = "";
			targets = (
				7B54175320AB3F3F0022CB90 /* SpotX-Demo-Swift */,
			);
		};
/* End PBXProject section */

/* Begin PBXResourcesBuildPhase section */
		7B54175220AB3F3F0022CB90 /* Resources */ = {
			isa = PBXResourcesBuildPhase;
			buildActionMask = 2147483647;
			files = (
				7BE8053120AB40A8001AF80A /* Assets.xcassets in Resources */,
				7B3FC60E20ACCBA50033923C /* MainViewController.storyboard in Resources */,
				7BE8053420AB40CB001AF80A /* LaunchScreen.storyboard in Resources */,
				0E55DC92211B81DA00575AF0 /* ResizablePlaybackViewController.storyboard in Resources */,
				0E55DC96211CD8BB00575AF0 /* SettingsViewController.storyboard in Resources */,
				0E55DC8A211A455100575AF0 /* InlinePlaybackViewController.storyboard in Resources */,
				0E55DCA22124994800575AF0 /* BrightcovePlayerController.storyboard in Resources */,
			);
			runOnlyForDeploymentPostprocessing = 0;
		};
/* End PBXResourcesBuildPhase section */

/* Begin PBXShellScriptBuildPhase section */
		6709128EB223AE13CB7D42EE /* [CP] Embed Pods Frameworks */ = {
			isa = PBXShellScriptBuildPhase;
			buildActionMask = 2147483647;
			files = (
			);
			inputPaths = (
				"${SRCROOT}/Pods/Target Support Files/Pods-SpotX-Demo-Swift/Pods-SpotX-Demo-Swift-frameworks.sh",
				"${PODS_ROOT}/Brightcove-Player-Core/ios/dynamic/BrightcovePlayerSDK.framework",
				"${PODS_ROOT}/SpotX-Brightcove-Plugin/SpotXBrightcovePlugin.framework",
				"${PODS_ROOT}/SpotX-SDK/SpotX.framework",
			);
			name = "[CP] Embed Pods Frameworks";
			outputPaths = (
				"${TARGET_BUILD_DIR}/${FRAMEWORKS_FOLDER_PATH}/BrightcovePlayerSDK.framework",
				"${TARGET_BUILD_DIR}/${FRAMEWORKS_FOLDER_PATH}/SpotXBrightcovePlugin.framework",
				"${TARGET_BUILD_DIR}/${FRAMEWORKS_FOLDER_PATH}/SpotX.framework",
			);
			runOnlyForDeploymentPostprocessing = 0;
			shellPath = /bin/sh;
			shellScript = "\"${SRCROOT}/Pods/Target Support Files/Pods-SpotX-Demo-Swift/Pods-SpotX-Demo-Swift-frameworks.sh\"\n";
			showEnvVarsInLog = 0;
		};
		8163A2F1DC023031F01F36DC /* [CP] Check Pods Manifest.lock */ = {
			isa = PBXShellScriptBuildPhase;
			buildActionMask = 2147483647;
			files = (
			);
			inputPaths = (
				"${PODS_PODFILE_DIR_PATH}/Podfile.lock",
				"${PODS_ROOT}/Manifest.lock",
			);
			name = "[CP] Check Pods Manifest.lock";
			outputPaths = (
				"$(DERIVED_FILE_DIR)/Pods-SpotX-Demo-Swift-checkManifestLockResult.txt",
			);
			runOnlyForDeploymentPostprocessing = 0;
			shellPath = /bin/sh;
			shellScript = "diff \"${PODS_PODFILE_DIR_PATH}/Podfile.lock\" \"${PODS_ROOT}/Manifest.lock\" > /dev/null\nif [ $? != 0 ] ; then\n    # print error to STDERR\n    echo \"error: The sandbox is not in sync with the Podfile.lock. Run 'pod install' or update your CocoaPods installation.\" >&2\n    exit 1\nfi\n# This output is used by Xcode 'outputs' to avoid re-running this script phase.\necho \"SUCCESS\" > \"${SCRIPT_OUTPUT_FILE_0}\"\n";
			showEnvVarsInLog = 0;
		};
		C2EF722CE942AFF18B37012B /* [CP] Copy Pods Resources */ = {
			isa = PBXShellScriptBuildPhase;
			buildActionMask = 2147483647;
			files = (
			);
			inputPaths = (
				"${SRCROOT}/Pods/Target Support Files/Pods-SpotX-Demo-Swift/Pods-SpotX-Demo-Swift-resources.sh",
				"${PODS_CONFIGURATION_BUILD_DIR}/Brightcove-Player-Core/BCOVPUIResources.bundle",
				"${PODS_ROOT}/mopub-ios-sdk/MoPubSDK/Internal/Common/MPAdBrowserController.xib",
				"${PODS_ROOT}/mopub-ios-sdk/MoPubSDK/Resources/MPCloseBtn.png",
				"${PODS_ROOT}/mopub-ios-sdk/MoPubSDK/Resources/MPCloseBtn@2x.png",
				"${PODS_ROOT}/mopub-ios-sdk/MoPubSDK/Resources/MPCloseBtn@3x.png",
				"${PODS_ROOT}/mopub-ios-sdk/MoPubSDK/Resources/MPCloseButtonX.png",
				"${PODS_ROOT}/mopub-ios-sdk/MoPubSDK/Resources/MPCloseButtonX@2x.png",
				"${PODS_ROOT}/mopub-ios-sdk/MoPubSDK/Resources/MPCloseButtonX@3x.png",
				"${PODS_ROOT}/mopub-ios-sdk/MoPubSDK/Resources/MPCountdownTimer.html",
				"${PODS_ROOT}/mopub-ios-sdk/MoPubSDK/Resources/MPDAAIcon.png",
				"${PODS_ROOT}/mopub-ios-sdk/MoPubSDK/Resources/MPDAAIcon@2x.png",
				"${PODS_ROOT}/mopub-ios-sdk/MoPubSDK/Resources/MPDAAIcon@3x.png",
				"${PODS_ROOT}/mopub-ios-sdk/MoPubSDK/Resources/MPMutedBtn.png",
				"${PODS_ROOT}/mopub-ios-sdk/MoPubSDK/Resources/MPMutedBtn@2x.png",
				"${PODS_ROOT}/mopub-ios-sdk/MoPubSDK/Resources/MPMutedBtn@3x.png",
				"${PODS_ROOT}/mopub-ios-sdk/MoPubSDK/Resources/MPPlayBtn.png",
				"${PODS_ROOT}/mopub-ios-sdk/MoPubSDK/Resources/MPPlayBtn@2x.png",
				"${PODS_ROOT}/mopub-ios-sdk/MoPubSDK/Resources/MPPlayBtn@3x.png",
				"${PODS_ROOT}/mopub-ios-sdk/MoPubSDK/Resources/MPUnmutedBtn.png",
				"${PODS_ROOT}/mopub-ios-sdk/MoPubSDK/Resources/MPUnmutedBtn@2x.png",
				"${PODS_ROOT}/mopub-ios-sdk/MoPubSDK/Resources/MPUnmutedBtn@3x.png",
				"${PODS_ROOT}/mopub-ios-sdk/MoPubSDK/Resources/MRAID.bundle",
			);
			name = "[CP] Copy Pods Resources";
			outputPaths = (
				"${TARGET_BUILD_DIR}/${UNLOCALIZED_RESOURCES_FOLDER_PATH}/BCOVPUIResources.bundle",
				"${TARGET_BUILD_DIR}/${UNLOCALIZED_RESOURCES_FOLDER_PATH}/MPAdBrowserController.nib",
				"${TARGET_BUILD_DIR}/${UNLOCALIZED_RESOURCES_FOLDER_PATH}/MPCloseBtn.png",
				"${TARGET_BUILD_DIR}/${UNLOCALIZED_RESOURCES_FOLDER_PATH}/MPCloseBtn@2x.png",
				"${TARGET_BUILD_DIR}/${UNLOCALIZED_RESOURCES_FOLDER_PATH}/MPCloseBtn@3x.png",
				"${TARGET_BUILD_DIR}/${UNLOCALIZED_RESOURCES_FOLDER_PATH}/MPCloseButtonX.png",
				"${TARGET_BUILD_DIR}/${UNLOCALIZED_RESOURCES_FOLDER_PATH}/MPCloseButtonX@2x.png",
				"${TARGET_BUILD_DIR}/${UNLOCALIZED_RESOURCES_FOLDER_PATH}/MPCloseButtonX@3x.png",
				"${TARGET_BUILD_DIR}/${UNLOCALIZED_RESOURCES_FOLDER_PATH}/MPCountdownTimer.html",
				"${TARGET_BUILD_DIR}/${UNLOCALIZED_RESOURCES_FOLDER_PATH}/MPDAAIcon.png",
				"${TARGET_BUILD_DIR}/${UNLOCALIZED_RESOURCES_FOLDER_PATH}/MPDAAIcon@2x.png",
				"${TARGET_BUILD_DIR}/${UNLOCALIZED_RESOURCES_FOLDER_PATH}/MPDAAIcon@3x.png",
				"${TARGET_BUILD_DIR}/${UNLOCALIZED_RESOURCES_FOLDER_PATH}/MPMutedBtn.png",
				"${TARGET_BUILD_DIR}/${UNLOCALIZED_RESOURCES_FOLDER_PATH}/MPMutedBtn@2x.png",
				"${TARGET_BUILD_DIR}/${UNLOCALIZED_RESOURCES_FOLDER_PATH}/MPMutedBtn@3x.png",
				"${TARGET_BUILD_DIR}/${UNLOCALIZED_RESOURCES_FOLDER_PATH}/MPPlayBtn.png",
				"${TARGET_BUILD_DIR}/${UNLOCALIZED_RESOURCES_FOLDER_PATH}/MPPlayBtn@2x.png",
				"${TARGET_BUILD_DIR}/${UNLOCALIZED_RESOURCES_FOLDER_PATH}/MPPlayBtn@3x.png",
				"${TARGET_BUILD_DIR}/${UNLOCALIZED_RESOURCES_FOLDER_PATH}/MPUnmutedBtn.png",
				"${TARGET_BUILD_DIR}/${UNLOCALIZED_RESOURCES_FOLDER_PATH}/MPUnmutedBtn@2x.png",
				"${TARGET_BUILD_DIR}/${UNLOCALIZED_RESOURCES_FOLDER_PATH}/MPUnmutedBtn@3x.png",
				"${TARGET_BUILD_DIR}/${UNLOCALIZED_RESOURCES_FOLDER_PATH}/MRAID.bundle",
			);
			runOnlyForDeploymentPostprocessing = 0;
			shellPath = /bin/sh;
			shellScript = "\"${SRCROOT}/Pods/Target Support Files/Pods-SpotX-Demo-Swift/Pods-SpotX-Demo-Swift-resources.sh\"\n";
			showEnvVarsInLog = 0;
		};
/* End PBXShellScriptBuildPhase section */

/* Begin PBXSourcesBuildPhase section */
		7B54175020AB3F3F0022CB90 /* Sources */ = {
			isa = PBXSourcesBuildPhase;
			buildActionMask = 2147483647;
			files = (
				0E55DCA02124865A00575AF0 /* BrightcoveViewController.swift in Sources */,
				7B29ED0E21599707008272D3 /* GMAViewController.swift in Sources */,
				7B54175820AB3F3F0022CB90 /* AppDelegate.swift in Sources */,
				7B3FC61020ACCFD70033923C /* SDKViewController.swift in Sources */,
				0E55DC87211A3F0A00575AF0 /* InlinePlaybackViewController.swift in Sources */,
				0E55DC9B212216AC00575AF0 /* MoPubViewController.swift in Sources */,
				0E55DC84211A209800575AF0 /* Preferences.swift in Sources */,
				0E55DCA421249A1000575AF0 /* BrightcovePlayerController.swift in Sources */,
				0E55DC9D212217BF00575AF0 /* ViewControllerBase.swift in Sources */,
				0E55DC90211B7DF500575AF0 /* ResizablePlaybackViewController.swift in Sources */,
				0E55DC94211B8CAB00575AF0 /* SettingsViewController.swift in Sources */,
			);
			runOnlyForDeploymentPostprocessing = 0;
		};
/* End PBXSourcesBuildPhase section */

/* Begin XCBuildConfiguration section */
		7B24059120AB476D00AAAD0A /* Test */ = {
			isa = XCBuildConfiguration;
			buildSettings = {
				ALWAYS_SEARCH_USER_PATHS = NO;
				CLANG_ANALYZER_NONNULL = YES;
				CLANG_ANALYZER_NUMBER_OBJECT_CONVERSION = YES_AGGRESSIVE;
				CLANG_CXX_LANGUAGE_STANDARD = "gnu++0x";
				CLANG_CXX_LIBRARY = "libc++";
				CLANG_ENABLE_MODULES = YES;
				CLANG_ENABLE_MODULE_DEBUGGING = NO;
				CLANG_ENABLE_OBJC_ARC = YES;
				CLANG_WARN_BLOCK_CAPTURE_AUTORELEASING = YES;
				CLANG_WARN_BOOL_CONVERSION = YES;
				CLANG_WARN_COMMA = YES;
				CLANG_WARN_CONSTANT_CONVERSION = YES;
				CLANG_WARN_DEPRECATED_OBJC_IMPLEMENTATIONS = YES;
				CLANG_WARN_DIRECT_OBJC_ISA_USAGE = YES_ERROR;
				CLANG_WARN_DOCUMENTATION_COMMENTS = YES;
				CLANG_WARN_EMPTY_BODY = YES;
				CLANG_WARN_ENUM_CONVERSION = YES;
				CLANG_WARN_INFINITE_RECURSION = YES;
				CLANG_WARN_INT_CONVERSION = YES;
				CLANG_WARN_NON_LITERAL_NULL_CONVERSION = YES;
				CLANG_WARN_OBJC_IMPLICIT_RETAIN_SELF = YES;
				CLANG_WARN_OBJC_LITERAL_CONVERSION = YES;
				CLANG_WARN_OBJC_ROOT_CLASS = YES_ERROR;
				CLANG_WARN_RANGE_LOOP_ANALYSIS = YES;
				CLANG_WARN_STRICT_PROTOTYPES = YES;
				CLANG_WARN_SUSPICIOUS_MOVE = YES;
				CLANG_WARN_UNGUARDED_AVAILABILITY = YES_AGGRESSIVE;
				CLANG_WARN_UNREACHABLE_CODE = YES;
				CLANG_WARN__DUPLICATE_METHOD_MATCH = YES;
				CODE_SIGN_IDENTITY = "";
				COPY_PHASE_STRIP = NO;
				CURRENT_PROJECT_VERSION = 1;
				DEBUG_INFORMATION_FORMAT = dwarf;
				ENABLE_STRICT_OBJC_MSGSEND = YES;
				ENABLE_TESTABILITY = YES;
				GCC_C_LANGUAGE_STANDARD = c99;
				GCC_DYNAMIC_NO_PIC = NO;
				GCC_NO_COMMON_BLOCKS = YES;
				GCC_OPTIMIZATION_LEVEL = 0;
				GCC_PREPROCESSOR_DEFINITIONS = (
					"DEBUG=1",
					"$(inherited)",
					"TEST_ONLY=1",
				);
				GCC_WARN_64_TO_32_BIT_CONVERSION = YES;
				GCC_WARN_ABOUT_RETURN_TYPE = YES_ERROR;
				GCC_WARN_UNDECLARED_SELECTOR = YES;
				GCC_WARN_UNINITIALIZED_AUTOS = YES_AGGRESSIVE;
				GCC_WARN_UNUSED_FUNCTION = YES;
				GCC_WARN_UNUSED_VARIABLE = YES;
				IPHONEOS_DEPLOYMENT_TARGET = 9.0;
				MTL_ENABLE_DEBUG_INFO = YES;
				ONLY_ACTIVE_ARCH = YES;
				SDKROOT = iphoneos;
				SWIFT_ACTIVE_COMPILATION_CONDITIONS = DEBUG;
				SWIFT_OBJC_BRIDGING_HEADER = "Classes/ObjC-Bridging-Header.h";
				SWIFT_OPTIMIZATION_LEVEL = "-Onone";
				TVOS_DEPLOYMENT_TARGET = 9.1;
				VERSIONING_SYSTEM = "apple-generic";
			};
			name = Test;
		};
		7B24059220AB476D00AAAD0A /* Test */ = {
			isa = XCBuildConfiguration;
			baseConfigurationReference = 0F821330CE63A78272DCFADE /* Pods-SpotX-Demo-Swift.test.xcconfig */;
			buildSettings = {
				ASSETCATALOG_COMPILER_APPICON_NAME = AppIcon;
				CODE_SIGN_IDENTITY = "iPhone Developer";
				CODE_SIGN_STYLE = Automatic;
				DEVELOPMENT_TEAM = M4T49QG5CY;
				FRAMEWORK_SEARCH_PATHS = (
					"$(inherited)",
					"$(PROJECT_DIR)/Frameworks",
				);
				INFOPLIST_FILE = "$(SRCROOT)/Info-Swift.plist";
				IPHONEOS_DEPLOYMENT_TARGET = 9.0;
				LD_RUNPATH_SEARCH_PATHS = "$(inherited) @executable_path/Frameworks";
				PRODUCT_BUNDLE_IDENTIFIER = com.spotxchange.sdk.SpotXDemoSwift;
				PRODUCT_NAME = "$(TARGET_NAME)";
				PROVISIONING_PROFILE_SPECIFIER = "";
				SWIFT_VERSION = 4.2;
				TARGETED_DEVICE_FAMILY = "1,2";
			};
			name = Test;
		};
		7B54176420AB3F3F0022CB90 /* Debug */ = {
			isa = XCBuildConfiguration;
			buildSettings = {
				ALWAYS_SEARCH_USER_PATHS = NO;
				CLANG_ANALYZER_NONNULL = YES;
				CLANG_ANALYZER_NUMBER_OBJECT_CONVERSION = YES_AGGRESSIVE;
				CLANG_CXX_LANGUAGE_STANDARD = "gnu++0x";
				CLANG_CXX_LIBRARY = "libc++";
				CLANG_ENABLE_MODULES = YES;
				CLANG_ENABLE_MODULE_DEBUGGING = NO;
				CLANG_ENABLE_OBJC_ARC = YES;
				CLANG_WARN_BLOCK_CAPTURE_AUTORELEASING = YES;
				CLANG_WARN_BOOL_CONVERSION = YES;
				CLANG_WARN_COMMA = YES;
				CLANG_WARN_CONSTANT_CONVERSION = YES;
				CLANG_WARN_DEPRECATED_OBJC_IMPLEMENTATIONS = YES;
				CLANG_WARN_DIRECT_OBJC_ISA_USAGE = YES_ERROR;
				CLANG_WARN_DOCUMENTATION_COMMENTS = YES;
				CLANG_WARN_EMPTY_BODY = YES;
				CLANG_WARN_ENUM_CONVERSION = YES;
				CLANG_WARN_INFINITE_RECURSION = YES;
				CLANG_WARN_INT_CONVERSION = YES;
				CLANG_WARN_NON_LITERAL_NULL_CONVERSION = YES;
				CLANG_WARN_OBJC_IMPLICIT_RETAIN_SELF = YES;
				CLANG_WARN_OBJC_LITERAL_CONVERSION = YES;
				CLANG_WARN_OBJC_ROOT_CLASS = YES_ERROR;
				CLANG_WARN_RANGE_LOOP_ANALYSIS = YES;
				CLANG_WARN_STRICT_PROTOTYPES = YES;
				CLANG_WARN_SUSPICIOUS_MOVE = YES;
				CLANG_WARN_UNGUARDED_AVAILABILITY = YES_AGGRESSIVE;
				CLANG_WARN_UNREACHABLE_CODE = YES;
				CLANG_WARN__DUPLICATE_METHOD_MATCH = YES;
				CODE_SIGN_IDENTITY = "";
				COPY_PHASE_STRIP = NO;
				CURRENT_PROJECT_VERSION = 1;
				DEBUG_INFORMATION_FORMAT = dwarf;
				ENABLE_STRICT_OBJC_MSGSEND = YES;
				ENABLE_TESTABILITY = YES;
				GCC_C_LANGUAGE_STANDARD = c99;
				GCC_DYNAMIC_NO_PIC = NO;
				GCC_NO_COMMON_BLOCKS = YES;
				GCC_OPTIMIZATION_LEVEL = 0;
				GCC_PREPROCESSOR_DEFINITIONS = (
					"DEBUG=1",
					"$(inherited)",
				);
				GCC_WARN_64_TO_32_BIT_CONVERSION = YES;
				GCC_WARN_ABOUT_RETURN_TYPE = YES_ERROR;
				GCC_WARN_UNDECLARED_SELECTOR = YES;
				GCC_WARN_UNINITIALIZED_AUTOS = YES_AGGRESSIVE;
				GCC_WARN_UNUSED_FUNCTION = YES;
				GCC_WARN_UNUSED_VARIABLE = YES;
				IPHONEOS_DEPLOYMENT_TARGET = 9.0;
				MTL_ENABLE_DEBUG_INFO = YES;
				ONLY_ACTIVE_ARCH = YES;
				SDKROOT = iphoneos;
				SWIFT_ACTIVE_COMPILATION_CONDITIONS = DEBUG;
				SWIFT_OBJC_BRIDGING_HEADER = "Classes/ObjC-Bridging-Header.h";
				SWIFT_OPTIMIZATION_LEVEL = "-Onone";
				TVOS_DEPLOYMENT_TARGET = 9.1;
				VERSIONING_SYSTEM = "apple-generic";
			};
			name = Debug;
		};
		7B54176520AB3F3F0022CB90 /* Release */ = {
			isa = XCBuildConfiguration;
			buildSettings = {
				ALWAYS_SEARCH_USER_PATHS = NO;
				CLANG_ANALYZER_NONNULL = YES;
				CLANG_ANALYZER_NUMBER_OBJECT_CONVERSION = YES_AGGRESSIVE;
				CLANG_CXX_LANGUAGE_STANDARD = "gnu++0x";
				CLANG_CXX_LIBRARY = "libc++";
				CLANG_ENABLE_MODULES = YES;
				CLANG_ENABLE_MODULE_DEBUGGING = NO;
				CLANG_ENABLE_OBJC_ARC = YES;
				CLANG_WARN_BLOCK_CAPTURE_AUTORELEASING = YES;
				CLANG_WARN_BOOL_CONVERSION = YES;
				CLANG_WARN_COMMA = YES;
				CLANG_WARN_CONSTANT_CONVERSION = YES;
				CLANG_WARN_DEPRECATED_OBJC_IMPLEMENTATIONS = YES;
				CLANG_WARN_DIRECT_OBJC_ISA_USAGE = YES_ERROR;
				CLANG_WARN_DOCUMENTATION_COMMENTS = YES;
				CLANG_WARN_EMPTY_BODY = YES;
				CLANG_WARN_ENUM_CONVERSION = YES;
				CLANG_WARN_INFINITE_RECURSION = YES;
				CLANG_WARN_INT_CONVERSION = YES;
				CLANG_WARN_NON_LITERAL_NULL_CONVERSION = YES;
				CLANG_WARN_OBJC_IMPLICIT_RETAIN_SELF = YES;
				CLANG_WARN_OBJC_LITERAL_CONVERSION = YES;
				CLANG_WARN_OBJC_ROOT_CLASS = YES_ERROR;
				CLANG_WARN_RANGE_LOOP_ANALYSIS = YES;
				CLANG_WARN_STRICT_PROTOTYPES = YES;
				CLANG_WARN_SUSPICIOUS_MOVE = YES;
				CLANG_WARN_UNGUARDED_AVAILABILITY = YES_AGGRESSIVE;
				CLANG_WARN_UNREACHABLE_CODE = YES;
				CLANG_WARN__DUPLICATE_METHOD_MATCH = YES;
				CODE_SIGN_IDENTITY = "";
				COPY_PHASE_STRIP = NO;
				CURRENT_PROJECT_VERSION = 1;
				DEBUG_INFORMATION_FORMAT = "dwarf-with-dsym";
				ENABLE_NS_ASSERTIONS = NO;
				ENABLE_STRICT_OBJC_MSGSEND = YES;
				GCC_C_LANGUAGE_STANDARD = c99;
				GCC_NO_COMMON_BLOCKS = YES;
				GCC_WARN_64_TO_32_BIT_CONVERSION = YES;
				GCC_WARN_ABOUT_RETURN_TYPE = YES_ERROR;
				GCC_WARN_UNDECLARED_SELECTOR = YES;
				GCC_WARN_UNINITIALIZED_AUTOS = YES_AGGRESSIVE;
				GCC_WARN_UNUSED_FUNCTION = YES;
				GCC_WARN_UNUSED_VARIABLE = YES;
				IPHONEOS_DEPLOYMENT_TARGET = 9.0;
				MTL_ENABLE_DEBUG_INFO = NO;
				SDKROOT = iphoneos;
				SWIFT_OBJC_BRIDGING_HEADER = "Classes/ObjC-Bridging-Header.h";
				SWIFT_OPTIMIZATION_LEVEL = "-Owholemodule";
				TVOS_DEPLOYMENT_TARGET = 9.1;
				VALIDATE_PRODUCT = YES;
				VERSIONING_SYSTEM = "apple-generic";
			};
			name = Release;
		};
		7B54176720AB3F3F0022CB90 /* Debug */ = {
			isa = XCBuildConfiguration;
			baseConfigurationReference = 7DD0FD2B094F2EFB3C30C97A /* Pods-SpotX-Demo-Swift.debug.xcconfig */;
			buildSettings = {
				ASSETCATALOG_COMPILER_APPICON_NAME = AppIcon;
				CODE_SIGN_IDENTITY = "iPhone Developer";
				CODE_SIGN_STYLE = Automatic;
				DEVELOPMENT_TEAM = M4T49QG5CY;
				FRAMEWORK_SEARCH_PATHS = (
					"$(inherited)",
					"$(PROJECT_DIR)/Frameworks",
				);
				INFOPLIST_FILE = "$(SRCROOT)/Info-Swift.plist";
				IPHONEOS_DEPLOYMENT_TARGET = 9.0;
				LD_RUNPATH_SEARCH_PATHS = "$(inherited) @executable_path/Frameworks";
				PRODUCT_BUNDLE_IDENTIFIER = com.spotxchange.sdk.SpotXDemoSwift;
				PRODUCT_NAME = "$(TARGET_NAME)";
				PROVISIONING_PROFILE_SPECIFIER = "";
				SWIFT_VERSION = 4.2;
				TARGETED_DEVICE_FAMILY = "1,2";
			};
			name = Debug;
		};
		7B54176820AB3F3F0022CB90 /* Release */ = {
			isa = XCBuildConfiguration;
			baseConfigurationReference = 6E884F739DBC0AB99796F4A4 /* Pods-SpotX-Demo-Swift.release.xcconfig */;
			buildSettings = {
				ASSETCATALOG_COMPILER_APPICON_NAME = AppIcon;
				CODE_SIGN_IDENTITY = "iPhone Developer";
				CODE_SIGN_STYLE = Automatic;
				DEVELOPMENT_TEAM = M4T49QG5CY;
				FRAMEWORK_SEARCH_PATHS = (
					"$(inherited)",
					"$(PROJECT_DIR)/Frameworks",
				);
				INFOPLIST_FILE = "$(SRCROOT)/Info-Swift.plist";
				IPHONEOS_DEPLOYMENT_TARGET = 9.0;
				LD_RUNPATH_SEARCH_PATHS = "$(inherited) @executable_path/Frameworks";
				PRODUCT_BUNDLE_IDENTIFIER = com.spotxchange.sdk.SpotXDemoSwift;
				PRODUCT_NAME = "$(TARGET_NAME)";
				PROVISIONING_PROFILE_SPECIFIER = "";
				SWIFT_VERSION = 4.2;
				TARGETED_DEVICE_FAMILY = "1,2";
			};
			name = Release;
		};
/* End XCBuildConfiguration section */

/* Begin XCConfigurationList section */
		7B54174F20AB3F3F0022CB90 /* Build configuration list for PBXProject "SpotX-Demo-Swift" */ = {
			isa = XCConfigurationList;
			buildConfigurations = (
				7B54176420AB3F3F0022CB90 /* Debug */,
				7B24059120AB476D00AAAD0A /* Test */,
				7B54176520AB3F3F0022CB90 /* Release */,
			);
			defaultConfigurationIsVisible = 0;
			defaultConfigurationName = Release;
		};
		7B54176620AB3F3F0022CB90 /* Build configuration list for PBXNativeTarget "SpotX-Demo-Swift" */ = {
			isa = XCConfigurationList;
			buildConfigurations = (
				7B54176720AB3F3F0022CB90 /* Debug */,
				7B24059220AB476D00AAAD0A /* Test */,
				7B54176820AB3F3F0022CB90 /* Release */,
			);
			defaultConfigurationIsVisible = 0;
			defaultConfigurationName = Release;
		};
/* End XCConfigurationList section */
	};
	rootObject = 7B54174C20AB3F3F0022CB90 /* Project object */;
}
